
Microsoft Visual Studio Solution File, Format Version 12.00
# Visual Studio 15
VisualStudioVersion = 15.0.27130.2020
MinimumVisualStudioVersion = 10.0.40219.1
Project("{2150E333-8FDC-42A3-9474-1A3956D46DE8}") = "Aurio", "Aurio", "{14D8E818-B56D-445B-A498-E03028F0BC08}"
EndProject
Project("{FAE04EC0-301F-11D3-BF4B-00C04F79EFBC}") = "Aurio.WaveControls", "Aurio\Aurio\Aurio.WaveControls\Aurio.WaveControls.csproj", "{FD0C6CC5-B509-4441-9AA2-E8B34BAD9F95}"
EndProject
Project("{9A19103F-16F7-4668-BE54-9A1E7A4F7556}") = "Aurio", "Aurio\Aurio\Aurio\Aurio.csproj", "{E868D91E-C5CF-46E4-BE2F-F95353ACB5E2}"
EndProject
Project("{FAE04EC0-301F-11D3-BF4B-00C04F79EFBC}") = "Aurio.Test.HugeControlRendering", "Aurio\Aurio\Aurio.Test.HugeControlRendering\Aurio.Test.HugeControlRendering.csproj", "{EDD59524-641D-4EB3-BF96-7138BBA8D009}"
EndProject
Project("{FAE04EC0-301F-11D3-BF4B-00C04F79EFBC}") = "Aurio.Test.WaveViewControl", "Aurio\Aurio\Aurio.Test.WaveViewControl\Aurio.Test.WaveViewControl.csproj", "{43D48477-7227-4F75-B1DF-DBB584C53FC0}"
EndProject
Project("{FAE04EC0-301F-11D3-BF4B-00C04F79EFBC}") = "Aurio.Test.MultitrackPlayback", "Aurio\Aurio\Aurio.Test.MultitrackPlayback\Aurio.Test.MultitrackPlayback.csproj", "{53EF9934-4B85-40E4-8846-1D2ACDA6A9E7}"
EndProject
Project("{FAE04EC0-301F-11D3-BF4B-00C04F79EFBC}") = "Aurio.Test.FFT", "Aurio\Aurio\Aurio.Test.FFT\Aurio.Test.FFT.csproj", "{7B4A521E-043B-4077-9C01-6DD36CFADE10}"
	ProjectSection(ProjectDependencies) = postProject
		{1904A41B-D1B8-40E5-ADBB-728DDCF7C816} = {1904A41B-D1B8-40E5-ADBB-728DDCF7C816}
	EndProjectSection
EndProject
Project("{9A19103F-16F7-4668-BE54-9A1E7A4F7556}") = "Aurio.LibSampleRate", "Aurio\Aurio\Aurio.LibSampleRate\Aurio.LibSampleRate.csproj", "{CC813B15-06BB-4334-96C6-DD252BE37D1B}"
EndProject
Project("{FAE04EC0-301F-11D3-BF4B-00C04F79EFBC}") = "Aurio.Test.ResamplingStream", "Aurio\Aurio\Aurio.Test.ResamplingStream\Aurio.Test.ResamplingStream.csproj", "{06905325-4F46-44BC-BE60-C61526073998}"
EndProject
Project("{FAE04EC0-301F-11D3-BF4B-00C04F79EFBC}") = "Aurio.Test.FingerprintingHaitsmaKalker2002", "Aurio\Aurio\Aurio.Test.FingerprintingHaitsmaKalker2002\Aurio.Test.FingerprintingHaitsmaKalker2002.csproj", "{38F3B4F3-9739-4FE2-A6F3-41436D6297D0}"
EndProject
Project("{FAE04EC0-301F-11D3-BF4B-00C04F79EFBC}") = "Aurio.Test.Streams", "Aurio\Aurio\Aurio.Test.Streams\Aurio.Test.Streams.csproj", "{C7062944-F8C0-4FF6-8B3A-E30588F39612}"
EndProject
Project("{FAE04EC0-301F-11D3-BF4B-00C04F79EFBC}") = "Aurio.UnitTest", "Aurio\Aurio\Aurio.UnitTest\Aurio.UnitTest.csproj", "{26C6CD2C-D5B6-4905-B586-1FB27D699BB8}"
EndProject
Project("{2150E333-8FDC-42A3-9474-1A3956D46DE8}") = "Solution Items", "Solution Items", "{0AF26727-F1F0-4DA1-A9C8-6DDCCF1F1E56}"
	ProjectSection(SolutionItems) = preProject
		Aurio\Aurio\Aurio.licenseheader = Aurio\Aurio\Aurio.licenseheader
		Aurio\Aurio\Directory.Build.props = Aurio\Aurio\Directory.Build.props
		Aurio\Aurio\GlobalAssemblyInfo.cs = Aurio\Aurio\GlobalAssemblyInfo.cs
	EndProjectSection
EndProject
Project("{9A19103F-16F7-4668-BE54-9A1E7A4F7556}") = "Exocortex.DSP", "Aurio\ExocortexDSP\Exocortex.DSP.csproj", "{1904A41B-D1B8-40E5-ADBB-728DDCF7C816}"
EndProject
Project("{FAE04EC0-301F-11D3-BF4B-00C04F79EFBC}") = "WaveCutter", "Aurio\Aurio\WaveCutter\WaveCutter.csproj", "{880B333B-3ADA-469A-A333-A9023B4D8F6F}"
EndProject
Project("{9A19103F-16F7-4668-BE54-9A1E7A4F7556}") = "Aurio.FFTW", "Aurio\Aurio\Aurio.FFTW\Aurio.FFTW.csproj", "{880F644B-5370-47D6-A4B6-F98338073631}"
EndProject
Project("{FAE04EC0-301F-11D3-BF4B-00C04F79EFBC}") = "MusicDetector", "Aurio\Aurio\MusicDetector\MusicDetector.csproj", "{ECC7AB0C-7DB9-439F-95E1-95C206759DFE}"
EndProject
Project("{9A19103F-16F7-4668-BE54-9A1E7A4F7556}") = "SQLite-Net", "Aurio\SQLite-Net\SQLite-Net.csproj", "{C5D1B35F-272E-4509-9C4E-2D3DD2928809}"
EndProject
Project("{FAE04EC0-301F-11D3-BF4B-00C04F79EFBC}") = "BatchResampler", "Aurio\Aurio\BatchResampler\BatchResampler.csproj", "{937AA772-00F3-45B8-A9FE-8504F3D12909}"
EndProject
Project("{8BC9CEB8-8B4A-11D0-8D11-00A0C91BC942}") = "Aurio.FFmpeg.Proxy32", "Aurio\Aurio\Aurio.FFmpeg.Proxy32\Aurio.FFmpeg.Proxy32.vcxproj", "{950C1FC8-EC9F-457D-854C-5361FA61B267}"
EndProject
Project("{8BC9CEB8-8B4A-11D0-8D11-00A0C91BC942}") = "Aurio.FFmpeg.Proxy64", "Aurio\Aurio\Aurio.FFmpeg.Proxy64\Aurio.FFmpeg.Proxy64.vcxproj", "{11C4D931-21A8-44DD-8093-E98CACD13468}"
EndProject
Project("{9A19103F-16F7-4668-BE54-9A1E7A4F7556}") = "Aurio.FFmpeg", "Aurio\Aurio\Aurio.FFmpeg\Aurio.FFmpeg.csproj", "{8A1A603C-7005-4CC0-9AB7-E6FD3F58F621}"
	ProjectSection(ProjectDependencies) = postProject
		{11C4D931-21A8-44DD-8093-E98CACD13468} = {11C4D931-21A8-44DD-8093-E98CACD13468}
		{950C1FC8-EC9F-457D-854C-5361FA61B267} = {950C1FC8-EC9F-457D-854C-5361FA61B267}
	EndProjectSection
EndProject
Project("{FAE04EC0-301F-11D3-BF4B-00C04F79EFBC}") = "Aurio.FFmpeg.Test", "Aurio\Aurio\Aurio.FFmpeg.Test\Aurio.FFmpeg.Test.csproj", "{616330A6-6386-40F1-907D-CD46884FA86F}"
EndProject
Project("{2150E333-8FDC-42A3-9474-1A3956D46DE8}") = "Tests", "Tests", "{33AD9CF5-1CD7-4393-A5A8-42A64760C229}"
EndProject
Project("{2150E333-8FDC-42A3-9474-1A3956D46DE8}") = "Tools", "Tools", "{02507825-08DE-4A31-B1C8-531BB8DA6BAC}"
EndProject
Project("{2150E333-8FDC-42A3-9474-1A3956D46DE8}") = "Dependencies", "Dependencies", "{C10A7AB5-A4DB-414C-859F-B642CCBC48FF}"
EndProject
Project("{9A19103F-16F7-4668-BE54-9A1E7A4F7556}") = "Aurio.Soxr", "Aurio\Aurio\Aurio.Soxr\Aurio.Soxr.csproj", "{24228071-5E72-4BA8-90E3-89DE331A718C}"
EndProject
Project("{FAE04EC0-301F-11D3-BF4B-00C04F79EFBC}") = "Aurio.Soxr.UnitTest", "Aurio\Aurio\Aurio.Soxr.UnitTest\Aurio.Soxr.UnitTest.csproj", "{22B3D2D1-D139-4AC6-B72A-1A96F1CCBBBE}"
EndProject
Project("{9A19103F-16F7-4668-BE54-9A1E7A4F7556}") = "Aurio.PFFFT", "Aurio\Aurio\Aurio.PFFFT\Aurio.PFFFT.csproj", "{3960F81D-5AEA-4F36-A26C-F295DFF3FCB6}"
EndProject
Project("{FAE04EC0-301F-11D3-BF4B-00C04F79EFBC}") = "Aurio.PFFFT.UnitTest", "Aurio\Aurio\Aurio.PFFFT.UnitTest\Aurio.PFFFT.UnitTest.csproj", "{726D85B6-A389-417B-A85B-4ACACDEE4640}"
EndProject
Project("{FAE04EC0-301F-11D3-BF4B-00C04F79EFBC}") = "Aurio.Test.FingerprintingWang2003", "Aurio\Aurio\Aurio.Test.FingerprintingWang2003\Aurio.Test.FingerprintingWang2003.csproj", "{FF2B695C-7567-4DDD-A8F4-E16BE2E49A65}"
EndProject
Project("{FAE04EC0-301F-11D3-BF4B-00C04F79EFBC}") = "Aurio.Test.FingerprintingBenchmark", "Aurio\Aurio\Aurio.Test.FingerprintingBenchmark\Aurio.Test.FingerprintingBenchmark.csproj", "{84A2C4C9-874C-47E7-8397-47D5ED8C00D4}"
EndProject
Project("{9A19103F-16F7-4668-BE54-9A1E7A4F7556}") = "Aurio.Exocortex", "Aurio\Aurio\Aurio.Exocortex\Aurio.Exocortex.csproj", "{07E29736-D056-4F4A-BCDA-FC12709AFAFA}"
EndProject
Project("{FAE04EC0-301F-11D3-BF4B-00C04F79EFBC}") = "AudioAlign", "AudioAlign\AudioAlign.csproj", "{7742E5AD-81A6-4CE7-915D-EAA9C30AB6B1}"
EndProject
Project("{9A19103F-16F7-4668-BE54-9A1E7A4F7556}") = "Aurio.Matching.SQLite", "Aurio\Aurio\Aurio.Matching.SQLite\Aurio.Matching.SQLite.csproj", "{17BC7FA5-381B-41C7-B40B-028ADF9B9005}"
EndProject
Project("{9A19103F-16F7-4668-BE54-9A1E7A4F7556}") = "Aurio.Test.NetCore", "Aurio\Aurio\Aurio.Test.NetCore\Aurio.Test.NetCore.csproj", "{E22E7BD9-A9B0-4C6D-A870-DFA4D567450E}"
EndProject
Project("{9A19103F-16F7-4668-BE54-9A1E7A4F7556}") = "Aurio.Test.RealtimeFingerprinting", "Aurio\Aurio\Aurio.Test.RealtimeFingerprinting\Aurio.Test.RealtimeFingerprinting.csproj", "{5C39E10D-EE53-4E81-B2E4-DE5C0737AC99}"
EndProject
Global
	GlobalSection(SolutionConfigurationPlatforms) = preSolution
		Debug|Any CPU = Debug|Any CPU
		Debug|x64 = Debug|x64
		Debug|x86 = Debug|x86
		Release|Any CPU = Release|Any CPU
		Release|x64 = Release|x64
		Release|x86 = Release|x86
	EndGlobalSection
	GlobalSection(ProjectConfigurationPlatforms) = postSolution
		{FD0C6CC5-B509-4441-9AA2-E8B34BAD9F95}.Debug|Any CPU.ActiveCfg = Debug|Any CPU
		{FD0C6CC5-B509-4441-9AA2-E8B34BAD9F95}.Debug|Any CPU.Build.0 = Debug|Any CPU
		{FD0C6CC5-B509-4441-9AA2-E8B34BAD9F95}.Debug|x64.ActiveCfg = Debug|x64
		{FD0C6CC5-B509-4441-9AA2-E8B34BAD9F95}.Debug|x64.Build.0 = Debug|x64
		{FD0C6CC5-B509-4441-9AA2-E8B34BAD9F95}.Debug|x86.ActiveCfg = Debug|x86
		{FD0C6CC5-B509-4441-9AA2-E8B34BAD9F95}.Debug|x86.Build.0 = Debug|x86
		{FD0C6CC5-B509-4441-9AA2-E8B34BAD9F95}.Release|Any CPU.ActiveCfg = Release|Any CPU
		{FD0C6CC5-B509-4441-9AA2-E8B34BAD9F95}.Release|Any CPU.Build.0 = Release|Any CPU
		{FD0C6CC5-B509-4441-9AA2-E8B34BAD9F95}.Release|x64.ActiveCfg = Release|x64
		{FD0C6CC5-B509-4441-9AA2-E8B34BAD9F95}.Release|x64.Build.0 = Release|x64
		{FD0C6CC5-B509-4441-9AA2-E8B34BAD9F95}.Release|x86.ActiveCfg = Release|x86
		{FD0C6CC5-B509-4441-9AA2-E8B34BAD9F95}.Release|x86.Build.0 = Release|x86
		{E868D91E-C5CF-46E4-BE2F-F95353ACB5E2}.Debug|Any CPU.ActiveCfg = Debug|Any CPU
		{E868D91E-C5CF-46E4-BE2F-F95353ACB5E2}.Debug|Any CPU.Build.0 = Debug|Any CPU
		{E868D91E-C5CF-46E4-BE2F-F95353ACB5E2}.Debug|x64.ActiveCfg = Debug|Any CPU
		{E868D91E-C5CF-46E4-BE2F-F95353ACB5E2}.Debug|x64.Build.0 = Debug|Any CPU
		{E868D91E-C5CF-46E4-BE2F-F95353ACB5E2}.Debug|x86.ActiveCfg = Debug|Any CPU
		{E868D91E-C5CF-46E4-BE2F-F95353ACB5E2}.Debug|x86.Build.0 = Debug|Any CPU
		{E868D91E-C5CF-46E4-BE2F-F95353ACB5E2}.Release|Any CPU.ActiveCfg = Release|Any CPU
		{E868D91E-C5CF-46E4-BE2F-F95353ACB5E2}.Release|Any CPU.Build.0 = Release|Any CPU
		{E868D91E-C5CF-46E4-BE2F-F95353ACB5E2}.Release|x64.ActiveCfg = Release|Any CPU
		{E868D91E-C5CF-46E4-BE2F-F95353ACB5E2}.Release|x64.Build.0 = Release|Any CPU
		{E868D91E-C5CF-46E4-BE2F-F95353ACB5E2}.Release|x86.ActiveCfg = Release|Any CPU
		{E868D91E-C5CF-46E4-BE2F-F95353ACB5E2}.Release|x86.Build.0 = Release|Any CPU
		{EDD59524-641D-4EB3-BF96-7138BBA8D009}.Debug|Any CPU.ActiveCfg = Debug|Any CPU
		{EDD59524-641D-4EB3-BF96-7138BBA8D009}.Debug|x64.ActiveCfg = Debug|x64
		{EDD59524-641D-4EB3-BF96-7138BBA8D009}.Debug|x86.ActiveCfg = Debug|x86
		{EDD59524-641D-4EB3-BF96-7138BBA8D009}.Release|Any CPU.ActiveCfg = Release|Any CPU
		{EDD59524-641D-4EB3-BF96-7138BBA8D009}.Release|x64.ActiveCfg = Release|x64
		{EDD59524-641D-4EB3-BF96-7138BBA8D009}.Release|x86.ActiveCfg = Release|x86
		{43D48477-7227-4F75-B1DF-DBB584C53FC0}.Debug|Any CPU.ActiveCfg = Debug|Any CPU
		{43D48477-7227-4F75-B1DF-DBB584C53FC0}.Debug|x64.ActiveCfg = Debug|x64
		{43D48477-7227-4F75-B1DF-DBB584C53FC0}.Debug|x86.ActiveCfg = Debug|x86
		{43D48477-7227-4F75-B1DF-DBB584C53FC0}.Release|Any CPU.ActiveCfg = Release|Any CPU
		{43D48477-7227-4F75-B1DF-DBB584C53FC0}.Release|x64.ActiveCfg = Release|x64
		{43D48477-7227-4F75-B1DF-DBB584C53FC0}.Release|x86.ActiveCfg = Release|x86
		{53EF9934-4B85-40E4-8846-1D2ACDA6A9E7}.Debug|Any CPU.ActiveCfg = Debug|Any CPU
		{53EF9934-4B85-40E4-8846-1D2ACDA6A9E7}.Debug|x64.ActiveCfg = Debug|x64
		{53EF9934-4B85-40E4-8846-1D2ACDA6A9E7}.Debug|x86.ActiveCfg = Debug|x86
		{53EF9934-4B85-40E4-8846-1D2ACDA6A9E7}.Release|Any CPU.ActiveCfg = Release|Any CPU
		{53EF9934-4B85-40E4-8846-1D2ACDA6A9E7}.Release|x64.ActiveCfg = Release|x64
		{53EF9934-4B85-40E4-8846-1D2ACDA6A9E7}.Release|x86.ActiveCfg = Release|x86
		{7B4A521E-043B-4077-9C01-6DD36CFADE10}.Debug|Any CPU.ActiveCfg = Debug|Any CPU
		{7B4A521E-043B-4077-9C01-6DD36CFADE10}.Debug|x64.ActiveCfg = Debug|x64
		{7B4A521E-043B-4077-9C01-6DD36CFADE10}.Debug|x86.ActiveCfg = Debug|x86
		{7B4A521E-043B-4077-9C01-6DD36CFADE10}.Release|Any CPU.ActiveCfg = Release|Any CPU
		{7B4A521E-043B-4077-9C01-6DD36CFADE10}.Release|x64.ActiveCfg = Release|x64
		{7B4A521E-043B-4077-9C01-6DD36CFADE10}.Release|x86.ActiveCfg = Release|x86
		{CC813B15-06BB-4334-96C6-DD252BE37D1B}.Debug|Any CPU.ActiveCfg = Debug|Any CPU
		{CC813B15-06BB-4334-96C6-DD252BE37D1B}.Debug|Any CPU.Build.0 = Debug|Any CPU
		{CC813B15-06BB-4334-96C6-DD252BE37D1B}.Debug|x64.ActiveCfg = Debug|Any CPU
		{CC813B15-06BB-4334-96C6-DD252BE37D1B}.Debug|x64.Build.0 = Debug|Any CPU
		{CC813B15-06BB-4334-96C6-DD252BE37D1B}.Debug|x86.ActiveCfg = Debug|Any CPU
		{CC813B15-06BB-4334-96C6-DD252BE37D1B}.Debug|x86.Build.0 = Debug|Any CPU
		{CC813B15-06BB-4334-96C6-DD252BE37D1B}.Release|Any CPU.ActiveCfg = Release|Any CPU
		{CC813B15-06BB-4334-96C6-DD252BE37D1B}.Release|Any CPU.Build.0 = Release|Any CPU
		{CC813B15-06BB-4334-96C6-DD252BE37D1B}.Release|x64.ActiveCfg = Release|Any CPU
		{CC813B15-06BB-4334-96C6-DD252BE37D1B}.Release|x64.Build.0 = Release|Any CPU
		{CC813B15-06BB-4334-96C6-DD252BE37D1B}.Release|x86.ActiveCfg = Release|Any CPU
		{CC813B15-06BB-4334-96C6-DD252BE37D1B}.Release|x86.Build.0 = Release|Any CPU
		{06905325-4F46-44BC-BE60-C61526073998}.Debug|Any CPU.ActiveCfg = Debug|Any CPU
		{06905325-4F46-44BC-BE60-C61526073998}.Debug|x64.ActiveCfg = Debug|x64
		{06905325-4F46-44BC-BE60-C61526073998}.Debug|x86.ActiveCfg = Debug|x86
		{06905325-4F46-44BC-BE60-C61526073998}.Release|Any CPU.ActiveCfg = Release|Any CPU
		{06905325-4F46-44BC-BE60-C61526073998}.Release|x64.ActiveCfg = Release|x64
		{06905325-4F46-44BC-BE60-C61526073998}.Release|x86.ActiveCfg = Release|x86
		{38F3B4F3-9739-4FE2-A6F3-41436D6297D0}.Debug|Any CPU.ActiveCfg = Debug|Any CPU
		{38F3B4F3-9739-4FE2-A6F3-41436D6297D0}.Debug|x64.ActiveCfg = Debug|x64
		{38F3B4F3-9739-4FE2-A6F3-41436D6297D0}.Debug|x86.ActiveCfg = Debug|x86
		{38F3B4F3-9739-4FE2-A6F3-41436D6297D0}.Release|Any CPU.ActiveCfg = Release|Any CPU
		{38F3B4F3-9739-4FE2-A6F3-41436D6297D0}.Release|x64.ActiveCfg = Release|x64
		{38F3B4F3-9739-4FE2-A6F3-41436D6297D0}.Release|x86.ActiveCfg = Release|x86
		{C7062944-F8C0-4FF6-8B3A-E30588F39612}.Debug|Any CPU.ActiveCfg = Debug|Any CPU
		{C7062944-F8C0-4FF6-8B3A-E30588F39612}.Debug|x64.ActiveCfg = Debug|x64
		{C7062944-F8C0-4FF6-8B3A-E30588F39612}.Debug|x86.ActiveCfg = Debug|x86
		{C7062944-F8C0-4FF6-8B3A-E30588F39612}.Release|Any CPU.ActiveCfg = Release|Any CPU
		{C7062944-F8C0-4FF6-8B3A-E30588F39612}.Release|x64.ActiveCfg = Release|x64
		{C7062944-F8C0-4FF6-8B3A-E30588F39612}.Release|x86.ActiveCfg = Release|x86
		{26C6CD2C-D5B6-4905-B586-1FB27D699BB8}.Debug|Any CPU.ActiveCfg = Debug|Any CPU
		{26C6CD2C-D5B6-4905-B586-1FB27D699BB8}.Debug|x64.ActiveCfg = Debug|x64
		{26C6CD2C-D5B6-4905-B586-1FB27D699BB8}.Debug|x86.ActiveCfg = Debug|x86
		{26C6CD2C-D5B6-4905-B586-1FB27D699BB8}.Release|Any CPU.ActiveCfg = Release|Any CPU
		{26C6CD2C-D5B6-4905-B586-1FB27D699BB8}.Release|x64.ActiveCfg = Release|x64
		{26C6CD2C-D5B6-4905-B586-1FB27D699BB8}.Release|x86.ActiveCfg = Release|x86
		{1904A41B-D1B8-40E5-ADBB-728DDCF7C816}.Debug|Any CPU.ActiveCfg = Debug|Any CPU
		{1904A41B-D1B8-40E5-ADBB-728DDCF7C816}.Debug|Any CPU.Build.0 = Debug|Any CPU
		{1904A41B-D1B8-40E5-ADBB-728DDCF7C816}.Debug|x64.ActiveCfg = Debug|Any CPU
		{1904A41B-D1B8-40E5-ADBB-728DDCF7C816}.Debug|x64.Build.0 = Debug|Any CPU
		{1904A41B-D1B8-40E5-ADBB-728DDCF7C816}.Debug|x86.ActiveCfg = Debug|Any CPU
		{1904A41B-D1B8-40E5-ADBB-728DDCF7C816}.Debug|x86.Build.0 = Debug|Any CPU
		{1904A41B-D1B8-40E5-ADBB-728DDCF7C816}.Release|Any CPU.ActiveCfg = Release|Any CPU
		{1904A41B-D1B8-40E5-ADBB-728DDCF7C816}.Release|Any CPU.Build.0 = Release|Any CPU
		{1904A41B-D1B8-40E5-ADBB-728DDCF7C816}.Release|x64.ActiveCfg = Release|Any CPU
		{1904A41B-D1B8-40E5-ADBB-728DDCF7C816}.Release|x64.Build.0 = Release|Any CPU
		{1904A41B-D1B8-40E5-ADBB-728DDCF7C816}.Release|x86.ActiveCfg = Release|Any CPU
		{1904A41B-D1B8-40E5-ADBB-728DDCF7C816}.Release|x86.Build.0 = Release|Any CPU
		{880B333B-3ADA-469A-A333-A9023B4D8F6F}.Debug|Any CPU.ActiveCfg = Debug|Any CPU
		{880B333B-3ADA-469A-A333-A9023B4D8F6F}.Debug|x64.ActiveCfg = Debug|x64
		{880B333B-3ADA-469A-A333-A9023B4D8F6F}.Debug|x86.ActiveCfg = Debug|x86
		{880B333B-3ADA-469A-A333-A9023B4D8F6F}.Release|Any CPU.ActiveCfg = Release|Any CPU
		{880B333B-3ADA-469A-A333-A9023B4D8F6F}.Release|x64.ActiveCfg = Release|x64
		{880B333B-3ADA-469A-A333-A9023B4D8F6F}.Release|x86.ActiveCfg = Release|x86
		{880F644B-5370-47D6-A4B6-F98338073631}.Debug|Any CPU.ActiveCfg = Debug|Any CPU
		{880F644B-5370-47D6-A4B6-F98338073631}.Debug|Any CPU.Build.0 = Debug|Any CPU
		{880F644B-5370-47D6-A4B6-F98338073631}.Debug|x64.ActiveCfg = Debug|Any CPU
		{880F644B-5370-47D6-A4B6-F98338073631}.Debug|x64.Build.0 = Debug|Any CPU
		{880F644B-5370-47D6-A4B6-F98338073631}.Debug|x86.ActiveCfg = Debug|Any CPU
		{880F644B-5370-47D6-A4B6-F98338073631}.Debug|x86.Build.0 = Debug|Any CPU
		{880F644B-5370-47D6-A4B6-F98338073631}.Release|Any CPU.ActiveCfg = Release|Any CPU
		{880F644B-5370-47D6-A4B6-F98338073631}.Release|Any CPU.Build.0 = Release|Any CPU
		{880F644B-5370-47D6-A4B6-F98338073631}.Release|x64.ActiveCfg = Release|Any CPU
		{880F644B-5370-47D6-A4B6-F98338073631}.Release|x64.Build.0 = Release|Any CPU
		{880F644B-5370-47D6-A4B6-F98338073631}.Release|x86.ActiveCfg = Release|Any CPU
		{880F644B-5370-47D6-A4B6-F98338073631}.Release|x86.Build.0 = Release|Any CPU
		{ECC7AB0C-7DB9-439F-95E1-95C206759DFE}.Debug|Any CPU.ActiveCfg = Debug|Any CPU
		{ECC7AB0C-7DB9-439F-95E1-95C206759DFE}.Debug|x64.ActiveCfg = Debug|x64
		{ECC7AB0C-7DB9-439F-95E1-95C206759DFE}.Debug|x86.ActiveCfg = Debug|x86
		{ECC7AB0C-7DB9-439F-95E1-95C206759DFE}.Release|Any CPU.ActiveCfg = Release|Any CPU
		{ECC7AB0C-7DB9-439F-95E1-95C206759DFE}.Release|x64.ActiveCfg = Release|x64
		{ECC7AB0C-7DB9-439F-95E1-95C206759DFE}.Release|x86.ActiveCfg = Release|x86
		{C5D1B35F-272E-4509-9C4E-2D3DD2928809}.Debug|Any CPU.ActiveCfg = Debug|Any CPU
		{C5D1B35F-272E-4509-9C4E-2D3DD2928809}.Debug|Any CPU.Build.0 = Debug|Any CPU
		{C5D1B35F-272E-4509-9C4E-2D3DD2928809}.Debug|x64.ActiveCfg = Debug|Any CPU
		{C5D1B35F-272E-4509-9C4E-2D3DD2928809}.Debug|x64.Build.0 = Debug|Any CPU
		{C5D1B35F-272E-4509-9C4E-2D3DD2928809}.Debug|x86.ActiveCfg = Debug|Any CPU
		{C5D1B35F-272E-4509-9C4E-2D3DD2928809}.Debug|x86.Build.0 = Debug|Any CPU
		{C5D1B35F-272E-4509-9C4E-2D3DD2928809}.Release|Any CPU.ActiveCfg = Release|Any CPU
		{C5D1B35F-272E-4509-9C4E-2D3DD2928809}.Release|Any CPU.Build.0 = Release|Any CPU
		{C5D1B35F-272E-4509-9C4E-2D3DD2928809}.Release|x64.ActiveCfg = Release|Any CPU
		{C5D1B35F-272E-4509-9C4E-2D3DD2928809}.Release|x64.Build.0 = Release|Any CPU
		{C5D1B35F-272E-4509-9C4E-2D3DD2928809}.Release|x86.ActiveCfg = Release|Any CPU
		{C5D1B35F-272E-4509-9C4E-2D3DD2928809}.Release|x86.Build.0 = Release|Any CPU
		{937AA772-00F3-45B8-A9FE-8504F3D12909}.Debug|Any CPU.ActiveCfg = Debug|Any CPU
		{937AA772-00F3-45B8-A9FE-8504F3D12909}.Debug|x64.ActiveCfg = Debug|x64
		{937AA772-00F3-45B8-A9FE-8504F3D12909}.Debug|x86.ActiveCfg = Debug|x86
		{937AA772-00F3-45B8-A9FE-8504F3D12909}.Release|Any CPU.ActiveCfg = Release|Any CPU
		{937AA772-00F3-45B8-A9FE-8504F3D12909}.Release|x64.ActiveCfg = Release|x64
		{937AA772-00F3-45B8-A9FE-8504F3D12909}.Release|x86.ActiveCfg = Release|x86
		{950C1FC8-EC9F-457D-854C-5361FA61B267}.Debug|Any CPU.ActiveCfg = Debug|Win32
		{950C1FC8-EC9F-457D-854C-5361FA61B267}.Debug|Any CPU.Build.0 = Debug|Win32
		{950C1FC8-EC9F-457D-854C-5361FA61B267}.Debug|x64.ActiveCfg = Debug|Win32
		{950C1FC8-EC9F-457D-854C-5361FA61B267}.Debug|x86.ActiveCfg = Debug|Win32
		{950C1FC8-EC9F-457D-854C-5361FA61B267}.Debug|x86.Build.0 = Debug|Win32
		{950C1FC8-EC9F-457D-854C-5361FA61B267}.Release|Any CPU.ActiveCfg = Release|Win32
		{950C1FC8-EC9F-457D-854C-5361FA61B267}.Release|Any CPU.Build.0 = Release|Win32
		{950C1FC8-EC9F-457D-854C-5361FA61B267}.Release|x64.ActiveCfg = Release|Win32
		{950C1FC8-EC9F-457D-854C-5361FA61B267}.Release|x86.ActiveCfg = Release|Win32
		{950C1FC8-EC9F-457D-854C-5361FA61B267}.Release|x86.Build.0 = Release|Win32
		{11C4D931-21A8-44DD-8093-E98CACD13468}.Debug|Any CPU.ActiveCfg = Debug|x64
		{11C4D931-21A8-44DD-8093-E98CACD13468}.Debug|Any CPU.Build.0 = Debug|x64
		{11C4D931-21A8-44DD-8093-E98CACD13468}.Debug|x64.ActiveCfg = Debug|x64
		{11C4D931-21A8-44DD-8093-E98CACD13468}.Debug|x64.Build.0 = Debug|x64
		{11C4D931-21A8-44DD-8093-E98CACD13468}.Debug|x86.ActiveCfg = Debug|x64
		{11C4D931-21A8-44DD-8093-E98CACD13468}.Release|Any CPU.ActiveCfg = Release|x64
		{11C4D931-21A8-44DD-8093-E98CACD13468}.Release|Any CPU.Build.0 = Release|x64
		{11C4D931-21A8-44DD-8093-E98CACD13468}.Release|x64.ActiveCfg = Release|x64
		{11C4D931-21A8-44DD-8093-E98CACD13468}.Release|x64.Build.0 = Release|x64
		{11C4D931-21A8-44DD-8093-E98CACD13468}.Release|x86.ActiveCfg = Release|x64
		{8A1A603C-7005-4CC0-9AB7-E6FD3F58F621}.Debug|Any CPU.ActiveCfg = Debug|Any CPU
		{8A1A603C-7005-4CC0-9AB7-E6FD3F58F621}.Debug|Any CPU.Build.0 = Debug|Any CPU
		{8A1A603C-7005-4CC0-9AB7-E6FD3F58F621}.Debug|x64.ActiveCfg = Debug|Any CPU
		{8A1A603C-7005-4CC0-9AB7-E6FD3F58F621}.Debug|x64.Build.0 = Debug|Any CPU
		{8A1A603C-7005-4CC0-9AB7-E6FD3F58F621}.Debug|x86.ActiveCfg = Debug|Any CPU
		{8A1A603C-7005-4CC0-9AB7-E6FD3F58F621}.Debug|x86.Build.0 = Debug|Any CPU
		{8A1A603C-7005-4CC0-9AB7-E6FD3F58F621}.Release|Any CPU.ActiveCfg = Release|Any CPU
		{8A1A603C-7005-4CC0-9AB7-E6FD3F58F621}.Release|Any CPU.Build.0 = Release|Any CPU
		{8A1A603C-7005-4CC0-9AB7-E6FD3F58F621}.Release|x64.ActiveCfg = Release|Any CPU
		{8A1A603C-7005-4CC0-9AB7-E6FD3F58F621}.Release|x64.Build.0 = Release|Any CPU
		{8A1A603C-7005-4CC0-9AB7-E6FD3F58F621}.Release|x86.ActiveCfg = Release|Any CPU
		{8A1A603C-7005-4CC0-9AB7-E6FD3F58F621}.Release|x86.Build.0 = Release|Any CPU
		{616330A6-6386-40F1-907D-CD46884FA86F}.Debug|Any CPU.ActiveCfg = Debug|Any CPU
		{616330A6-6386-40F1-907D-CD46884FA86F}.Debug|x64.ActiveCfg = Debug|x64
		{616330A6-6386-40F1-907D-CD46884FA86F}.Debug|x86.ActiveCfg = Debug|x86
		{616330A6-6386-40F1-907D-CD46884FA86F}.Release|Any CPU.ActiveCfg = Release|Any CPU
		{616330A6-6386-40F1-907D-CD46884FA86F}.Release|x64.ActiveCfg = Release|x64
		{616330A6-6386-40F1-907D-CD46884FA86F}.Release|x86.ActiveCfg = Release|x86
		{24228071-5E72-4BA8-90E3-89DE331A718C}.Debug|Any CPU.ActiveCfg = Debug|Any CPU
		{24228071-5E72-4BA8-90E3-89DE331A718C}.Debug|Any CPU.Build.0 = Debug|Any CPU
		{24228071-5E72-4BA8-90E3-89DE331A718C}.Debug|x64.ActiveCfg = Debug|Any CPU
		{24228071-5E72-4BA8-90E3-89DE331A718C}.Debug|x64.Build.0 = Debug|Any CPU
		{24228071-5E72-4BA8-90E3-89DE331A718C}.Debug|x86.ActiveCfg = Debug|Any CPU
		{24228071-5E72-4BA8-90E3-89DE331A718C}.Debug|x86.Build.0 = Debug|Any CPU
		{24228071-5E72-4BA8-90E3-89DE331A718C}.Release|Any CPU.ActiveCfg = Release|Any CPU
		{24228071-5E72-4BA8-90E3-89DE331A718C}.Release|Any CPU.Build.0 = Release|Any CPU
		{24228071-5E72-4BA8-90E3-89DE331A718C}.Release|x64.ActiveCfg = Release|Any CPU
		{24228071-5E72-4BA8-90E3-89DE331A718C}.Release|x64.Build.0 = Release|Any CPU
		{24228071-5E72-4BA8-90E3-89DE331A718C}.Release|x86.ActiveCfg = Release|Any CPU
		{24228071-5E72-4BA8-90E3-89DE331A718C}.Release|x86.Build.0 = Release|Any CPU
		{22B3D2D1-D139-4AC6-B72A-1A96F1CCBBBE}.Debug|Any CPU.ActiveCfg = Debug|Any CPU
		{22B3D2D1-D139-4AC6-B72A-1A96F1CCBBBE}.Debug|x64.ActiveCfg = Debug|x64
		{22B3D2D1-D139-4AC6-B72A-1A96F1CCBBBE}.Debug|x86.ActiveCfg = Debug|x86
		{22B3D2D1-D139-4AC6-B72A-1A96F1CCBBBE}.Release|Any CPU.ActiveCfg = Release|Any CPU
		{22B3D2D1-D139-4AC6-B72A-1A96F1CCBBBE}.Release|x64.ActiveCfg = Release|x64
		{22B3D2D1-D139-4AC6-B72A-1A96F1CCBBBE}.Release|x86.ActiveCfg = Release|x86
		{3960F81D-5AEA-4F36-A26C-F295DFF3FCB6}.Debug|Any CPU.ActiveCfg = Debug|Any CPU
		{3960F81D-5AEA-4F36-A26C-F295DFF3FCB6}.Debug|Any CPU.Build.0 = Debug|Any CPU
		{3960F81D-5AEA-4F36-A26C-F295DFF3FCB6}.Debug|x64.ActiveCfg = Debug|Any CPU
		{3960F81D-5AEA-4F36-A26C-F295DFF3FCB6}.Debug|x64.Build.0 = Debug|Any CPU
		{3960F81D-5AEA-4F36-A26C-F295DFF3FCB6}.Debug|x86.ActiveCfg = Debug|Any CPU
		{3960F81D-5AEA-4F36-A26C-F295DFF3FCB6}.Debug|x86.Build.0 = Debug|Any CPU
		{3960F81D-5AEA-4F36-A26C-F295DFF3FCB6}.Release|Any CPU.ActiveCfg = Release|Any CPU
		{3960F81D-5AEA-4F36-A26C-F295DFF3FCB6}.Release|Any CPU.Build.0 = Release|Any CPU
		{3960F81D-5AEA-4F36-A26C-F295DFF3FCB6}.Release|x64.ActiveCfg = Release|Any CPU
		{3960F81D-5AEA-4F36-A26C-F295DFF3FCB6}.Release|x64.Build.0 = Release|Any CPU
		{3960F81D-5AEA-4F36-A26C-F295DFF3FCB6}.Release|x86.ActiveCfg = Release|Any CPU
		{3960F81D-5AEA-4F36-A26C-F295DFF3FCB6}.Release|x86.Build.0 = Release|Any CPU
		{726D85B6-A389-417B-A85B-4ACACDEE4640}.Debug|Any CPU.ActiveCfg = Debug|Any CPU
		{726D85B6-A389-417B-A85B-4ACACDEE4640}.Debug|x64.ActiveCfg = Debug|x64
		{726D85B6-A389-417B-A85B-4ACACDEE4640}.Debug|x86.ActiveCfg = Debug|x86
		{726D85B6-A389-417B-A85B-4ACACDEE4640}.Release|Any CPU.ActiveCfg = Release|Any CPU
		{726D85B6-A389-417B-A85B-4ACACDEE4640}.Release|x64.ActiveCfg = Release|x64
		{726D85B6-A389-417B-A85B-4ACACDEE4640}.Release|x86.ActiveCfg = Release|x86
		{FF2B695C-7567-4DDD-A8F4-E16BE2E49A65}.Debug|Any CPU.ActiveCfg = Debug|Any CPU
		{FF2B695C-7567-4DDD-A8F4-E16BE2E49A65}.Debug|x64.ActiveCfg = Debug|x64
		{FF2B695C-7567-4DDD-A8F4-E16BE2E49A65}.Debug|x86.ActiveCfg = Debug|x86
		{FF2B695C-7567-4DDD-A8F4-E16BE2E49A65}.Release|Any CPU.ActiveCfg = Release|Any CPU
		{FF2B695C-7567-4DDD-A8F4-E16BE2E49A65}.Release|x64.ActiveCfg = Release|x64
		{FF2B695C-7567-4DDD-A8F4-E16BE2E49A65}.Release|x86.ActiveCfg = Release|x86
		{84A2C4C9-874C-47E7-8397-47D5ED8C00D4}.Debug|Any CPU.ActiveCfg = Debug|Any CPU
		{84A2C4C9-874C-47E7-8397-47D5ED8C00D4}.Debug|x64.ActiveCfg = Debug|x64
		{84A2C4C9-874C-47E7-8397-47D5ED8C00D4}.Debug|x86.ActiveCfg = Debug|x86
		{84A2C4C9-874C-47E7-8397-47D5ED8C00D4}.Release|Any CPU.ActiveCfg = Release|Any CPU
		{84A2C4C9-874C-47E7-8397-47D5ED8C00D4}.Release|x64.ActiveCfg = Release|x64
		{84A2C4C9-874C-47E7-8397-47D5ED8C00D4}.Release|x86.ActiveCfg = Release|x86
		{07E29736-D056-4F4A-BCDA-FC12709AFAFA}.Debug|Any CPU.ActiveCfg = Debug|Any CPU
		{07E29736-D056-4F4A-BCDA-FC12709AFAFA}.Debug|Any CPU.Build.0 = Debug|Any CPU
		{07E29736-D056-4F4A-BCDA-FC12709AFAFA}.Debug|x64.ActiveCfg = Debug|Any CPU
		{07E29736-D056-4F4A-BCDA-FC12709AFAFA}.Debug|x64.Build.0 = Debug|Any CPU
		{07E29736-D056-4F4A-BCDA-FC12709AFAFA}.Debug|x86.ActiveCfg = Debug|Any CPU
		{07E29736-D056-4F4A-BCDA-FC12709AFAFA}.Debug|x86.Build.0 = Debug|Any CPU
		{07E29736-D056-4F4A-BCDA-FC12709AFAFA}.Release|Any CPU.ActiveCfg = Release|Any CPU
		{07E29736-D056-4F4A-BCDA-FC12709AFAFA}.Release|Any CPU.Build.0 = Release|Any CPU
		{07E29736-D056-4F4A-BCDA-FC12709AFAFA}.Release|x64.ActiveCfg = Release|Any CPU
		{07E29736-D056-4F4A-BCDA-FC12709AFAFA}.Release|x64.Build.0 = Release|Any CPU
		{07E29736-D056-4F4A-BCDA-FC12709AFAFA}.Release|x86.ActiveCfg = Release|Any CPU
		{07E29736-D056-4F4A-BCDA-FC12709AFAFA}.Release|x86.Build.0 = Release|Any CPU
		{7742E5AD-81A6-4CE7-915D-EAA9C30AB6B1}.Debug|Any CPU.ActiveCfg = Debug|Any CPU
		{7742E5AD-81A6-4CE7-915D-EAA9C30AB6B1}.Debug|Any CPU.Build.0 = Debug|Any CPU
		{7742E5AD-81A6-4CE7-915D-EAA9C30AB6B1}.Debug|x64.ActiveCfg = Debug|x64
		{7742E5AD-81A6-4CE7-915D-EAA9C30AB6B1}.Debug|x64.Build.0 = Debug|x64
		{7742E5AD-81A6-4CE7-915D-EAA9C30AB6B1}.Debug|x86.ActiveCfg = Debug|x86
		{7742E5AD-81A6-4CE7-915D-EAA9C30AB6B1}.Debug|x86.Build.0 = Debug|x86
		{7742E5AD-81A6-4CE7-915D-EAA9C30AB6B1}.Release|Any CPU.ActiveCfg = Release|Any CPU
		{7742E5AD-81A6-4CE7-915D-EAA9C30AB6B1}.Release|Any CPU.Build.0 = Release|Any CPU
		{7742E5AD-81A6-4CE7-915D-EAA9C30AB6B1}.Release|x64.ActiveCfg = Release|x64
		{7742E5AD-81A6-4CE7-915D-EAA9C30AB6B1}.Release|x64.Build.0 = Release|x64
		{7742E5AD-81A6-4CE7-915D-EAA9C30AB6B1}.Release|x86.ActiveCfg = Release|x86
		{7742E5AD-81A6-4CE7-915D-EAA9C30AB6B1}.Release|x86.Build.0 = Release|x86
		{17BC7FA5-381B-41C7-B40B-028ADF9B9005}.Debug|Any CPU.ActiveCfg = Debug|Any CPU
		{17BC7FA5-381B-41C7-B40B-028ADF9B9005}.Debug|Any CPU.Build.0 = Debug|Any CPU
		{17BC7FA5-381B-41C7-B40B-028ADF9B9005}.Debug|x64.ActiveCfg = Debug|Any CPU
		{17BC7FA5-381B-41C7-B40B-028ADF9B9005}.Debug|x64.Build.0 = Debug|Any CPU
		{17BC7FA5-381B-41C7-B40B-028ADF9B9005}.Debug|x86.ActiveCfg = Debug|Any CPU
		{17BC7FA5-381B-41C7-B40B-028ADF9B9005}.Debug|x86.Build.0 = Debug|Any CPU
		{17BC7FA5-381B-41C7-B40B-028ADF9B9005}.Release|Any CPU.ActiveCfg = Release|Any CPU
		{17BC7FA5-381B-41C7-B40B-028ADF9B9005}.Release|Any CPU.Build.0 = Release|Any CPU
		{17BC7FA5-381B-41C7-B40B-028ADF9B9005}.Release|x64.ActiveCfg = Release|Any CPU
		{17BC7FA5-381B-41C7-B40B-028ADF9B9005}.Release|x64.Build.0 = Release|Any CPU
		{17BC7FA5-381B-41C7-B40B-028ADF9B9005}.Release|x86.ActiveCfg = Release|Any CPU
		{17BC7FA5-381B-41C7-B40B-028ADF9B9005}.Release|x86.Build.0 = Release|Any CPU
		{E22E7BD9-A9B0-4C6D-A870-DFA4D567450E}.Debug|Any CPU.ActiveCfg = Debug|Any CPU
		{E22E7BD9-A9B0-4C6D-A870-DFA4D567450E}.Debug|Any CPU.Build.0 = Debug|Any CPU
		{E22E7BD9-A9B0-4C6D-A870-DFA4D567450E}.Debug|x64.ActiveCfg = Debug|Any CPU
		{E22E7BD9-A9B0-4C6D-A870-DFA4D567450E}.Debug|x64.Build.0 = Debug|Any CPU
		{E22E7BD9-A9B0-4C6D-A870-DFA4D567450E}.Debug|x86.ActiveCfg = Debug|Any CPU
		{E22E7BD9-A9B0-4C6D-A870-DFA4D567450E}.Debug|x86.Build.0 = Debug|Any CPU
		{E22E7BD9-A9B0-4C6D-A870-DFA4D567450E}.Release|Any CPU.ActiveCfg = Release|Any CPU
		{E22E7BD9-A9B0-4C6D-A870-DFA4D567450E}.Release|Any CPU.Build.0 = Release|Any CPU
		{E22E7BD9-A9B0-4C6D-A870-DFA4D567450E}.Release|x64.ActiveCfg = Release|Any CPU
		{E22E7BD9-A9B0-4C6D-A870-DFA4D567450E}.Release|x64.Build.0 = Release|Any CPU
		{E22E7BD9-A9B0-4C6D-A870-DFA4D567450E}.Release|x86.ActiveCfg = Release|Any CPU
		{E22E7BD9-A9B0-4C6D-A870-DFA4D567450E}.Release|x86.Build.0 = Release|Any CPU
		{5C39E10D-EE53-4E81-B2E4-DE5C0737AC99}.Debug|Any CPU.ActiveCfg = Debug|Any CPU
		{5C39E10D-EE53-4E81-B2E4-DE5C0737AC99}.Debug|Any CPU.Build.0 = Debug|Any CPU
		{5C39E10D-EE53-4E81-B2E4-DE5C0737AC99}.Debug|x64.ActiveCfg = Debug|Any CPU
		{5C39E10D-EE53-4E81-B2E4-DE5C0737AC99}.Debug|x64.Build.0 = Debug|Any CPU
		{5C39E10D-EE53-4E81-B2E4-DE5C0737AC99}.Debug|x86.ActiveCfg = Debug|Any CPU
		{5C39E10D-EE53-4E81-B2E4-DE5C0737AC99}.Debug|x86.Build.0 = Debug|Any CPU
		{5C39E10D-EE53-4E81-B2E4-DE5C0737AC99}.Release|Any CPU.ActiveCfg = Release|Any CPU
		{5C39E10D-EE53-4E81-B2E4-DE5C0737AC99}.Release|Any CPU.Build.0 = Release|Any CPU
		{5C39E10D-EE53-4E81-B2E4-DE5C0737AC99}.Release|x64.ActiveCfg = Release|Any CPU
		{5C39E10D-EE53-4E81-B2E4-DE5C0737AC99}.Release|x64.Build.0 = Release|Any CPU
		{5C39E10D-EE53-4E81-B2E4-DE5C0737AC99}.Release|x86.ActiveCfg = Release|Any CPU
		{5C39E10D-EE53-4E81-B2E4-DE5C0737AC99}.Release|x86.Build.0 = Release|Any CPU
	EndGlobalSection
	GlobalSection(SolutionProperties) = preSolution
		HideSolutionNode = FALSE
	EndGlobalSection
	GlobalSection(NestedProjects) = preSolution
		{FD0C6CC5-B509-4441-9AA2-E8B34BAD9F95} = {14D8E818-B56D-445B-A498-E03028F0BC08}
		{E868D91E-C5CF-46E4-BE2F-F95353ACB5E2} = {14D8E818-B56D-445B-A498-E03028F0BC08}
		{EDD59524-641D-4EB3-BF96-7138BBA8D009} = {33AD9CF5-1CD7-4393-A5A8-42A64760C229}
		{43D48477-7227-4F75-B1DF-DBB584C53FC0} = {33AD9CF5-1CD7-4393-A5A8-42A64760C229}
		{53EF9934-4B85-40E4-8846-1D2ACDA6A9E7} = {33AD9CF5-1CD7-4393-A5A8-42A64760C229}
		{7B4A521E-043B-4077-9C01-6DD36CFADE10} = {33AD9CF5-1CD7-4393-A5A8-42A64760C229}
		{CC813B15-06BB-4334-96C6-DD252BE37D1B} = {14D8E818-B56D-445B-A498-E03028F0BC08}
		{06905325-4F46-44BC-BE60-C61526073998} = {33AD9CF5-1CD7-4393-A5A8-42A64760C229}
		{38F3B4F3-9739-4FE2-A6F3-41436D6297D0} = {33AD9CF5-1CD7-4393-A5A8-42A64760C229}
		{C7062944-F8C0-4FF6-8B3A-E30588F39612} = {33AD9CF5-1CD7-4393-A5A8-42A64760C229}
		{26C6CD2C-D5B6-4905-B586-1FB27D699BB8} = {33AD9CF5-1CD7-4393-A5A8-42A64760C229}
		{0AF26727-F1F0-4DA1-A9C8-6DDCCF1F1E56} = {14D8E818-B56D-445B-A498-E03028F0BC08}
		{1904A41B-D1B8-40E5-ADBB-728DDCF7C816} = {C10A7AB5-A4DB-414C-859F-B642CCBC48FF}
		{880B333B-3ADA-469A-A333-A9023B4D8F6F} = {02507825-08DE-4A31-B1C8-531BB8DA6BAC}
		{880F644B-5370-47D6-A4B6-F98338073631} = {14D8E818-B56D-445B-A498-E03028F0BC08}
		{ECC7AB0C-7DB9-439F-95E1-95C206759DFE} = {02507825-08DE-4A31-B1C8-531BB8DA6BAC}
		{C5D1B35F-272E-4509-9C4E-2D3DD2928809} = {C10A7AB5-A4DB-414C-859F-B642CCBC48FF}
		{937AA772-00F3-45B8-A9FE-8504F3D12909} = {02507825-08DE-4A31-B1C8-531BB8DA6BAC}
		{950C1FC8-EC9F-457D-854C-5361FA61B267} = {14D8E818-B56D-445B-A498-E03028F0BC08}
		{11C4D931-21A8-44DD-8093-E98CACD13468} = {14D8E818-B56D-445B-A498-E03028F0BC08}
		{8A1A603C-7005-4CC0-9AB7-E6FD3F58F621} = {14D8E818-B56D-445B-A498-E03028F0BC08}
		{616330A6-6386-40F1-907D-CD46884FA86F} = {33AD9CF5-1CD7-4393-A5A8-42A64760C229}
		{33AD9CF5-1CD7-4393-A5A8-42A64760C229} = {14D8E818-B56D-445B-A498-E03028F0BC08}
		{02507825-08DE-4A31-B1C8-531BB8DA6BAC} = {14D8E818-B56D-445B-A498-E03028F0BC08}
		{C10A7AB5-A4DB-414C-859F-B642CCBC48FF} = {14D8E818-B56D-445B-A498-E03028F0BC08}
		{24228071-5E72-4BA8-90E3-89DE331A718C} = {14D8E818-B56D-445B-A498-E03028F0BC08}
		{22B3D2D1-D139-4AC6-B72A-1A96F1CCBBBE} = {33AD9CF5-1CD7-4393-A5A8-42A64760C229}
		{3960F81D-5AEA-4F36-A26C-F295DFF3FCB6} = {14D8E818-B56D-445B-A498-E03028F0BC08}
		{726D85B6-A389-417B-A85B-4ACACDEE4640} = {33AD9CF5-1CD7-4393-A5A8-42A64760C229}
		{FF2B695C-7567-4DDD-A8F4-E16BE2E49A65} = {33AD9CF5-1CD7-4393-A5A8-42A64760C229}
		{84A2C4C9-874C-47E7-8397-47D5ED8C00D4} = {33AD9CF5-1CD7-4393-A5A8-42A64760C229}
		{07E29736-D056-4F4A-BCDA-FC12709AFAFA} = {14D8E818-B56D-445B-A498-E03028F0BC08}
		{17BC7FA5-381B-41C7-B40B-028ADF9B9005} = {14D8E818-B56D-445B-A498-E03028F0BC08}
		{E22E7BD9-A9B0-4C6D-A870-DFA4D567450E} = {33AD9CF5-1CD7-4393-A5A8-42A64760C229}
		{5C39E10D-EE53-4E81-B2E4-DE5C0737AC99} = {33AD9CF5-1CD7-4393-A5A8-42A64760C229}
	EndGlobalSection
	GlobalSection(ExtensibilityGlobals) = postSolution
		SolutionGuid = {1858D4D1-62D5-495E-8181-605341B24DF6}
	EndGlobalSection
	GlobalSection(TestCaseManagementSettings) = postSolution
		CategoryFile = Aurio.vsmdi
	EndGlobalSection
	GlobalSection(TestCaseManagementSettings) = postSolution
		CategoryFile = Aurio.vsmdi
	EndGlobalSection
EndGlobal
